// !$*UTF8*$!
{
	archiveVersion = 1;
	classes = {
	};
	objectVersion = 56;
	objects = {

/* Begin PBXBuildFile section */
		88E2DFF028E14FD300CC505E /* RunRadius_SwiftUIApp.swift in Sources */ = {isa = PBXBuildFile; fileRef = 88E2DFEF28E14FD300CC505E /* RunRadius_SwiftUIApp.swift */; };
		88E2DFF228E14FD300CC505E /* ContentView.swift in Sources */ = {isa = PBXBuildFile; fileRef = 88E2DFF128E14FD300CC505E /* ContentView.swift */; };
		88E2DFF428E14FD500CC505E /* Assets.xcassets in Resources */ = {isa = PBXBuildFile; fileRef = 88E2DFF328E14FD500CC505E /* Assets.xcassets */; };
		88E2DFF728E14FD500CC505E /* Preview Assets.xcassets in Resources */ = {isa = PBXBuildFile; fileRef = 88E2DFF628E14FD500CC505E /* Preview Assets.xcassets */; };
		88E2DFFE28E153F300CC505E /* ContentViewModel.swift in Sources */ = {isa = PBXBuildFile; fileRef = 88E2DFFD28E153F300CC505E /* ContentViewModel.swift */; };
		88E2E00028E1568900CC505E /* CardView.swift in Sources */ = {isa = PBXBuildFile; fileRef = 88E2DFFF28E1568900CC505E /* CardView.swift */; };
		88E2E00428E1577700CC505E /* SwiftUISlider.swift in Sources */ = {isa = PBXBuildFile; fileRef = 88E2E00328E1577700CC505E /* SwiftUISlider.swift */; };
/* End PBXBuildFile section */

/* Begin PBXFileReference section */
		88E2DFEC28E14FD300CC505E /* RunRadius-SwiftUI.app */ = {isa = PBXFileReference; explicitFileType = wrapper.application; includeInIndex = 0; path = "RunRadius-SwiftUI.app"; sourceTree = BUILT_PRODUCTS_DIR; };
		88E2DFEF28E14FD300CC505E /* RunRadius_SwiftUIApp.swift */ = {isa = PBXFileReference; lastKnownFileType = sourcecode.swift; path = RunRadius_SwiftUIApp.swift; sourceTree = "<group>"; };
		88E2DFF128E14FD300CC505E /* ContentView.swift */ = {isa = PBXFileReference; lastKnownFileType = sourcecode.swift; path = ContentView.swift; sourceTree = "<group>"; };
		88E2DFF328E14FD500CC505E /* Assets.xcassets */ = {isa = PBXFileReference; lastKnownFileType = folder.assetcatalog; path = Assets.xcassets; sourceTree = "<group>"; };
		88E2DFF628E14FD500CC505E /* Preview Assets.xcassets */ = {isa = PBXFileReference; lastKnownFileType = folder.assetcatalog; path = "Preview Assets.xcassets"; sourceTree = "<group>"; };
		88E2DFFD28E153F300CC505E /* ContentViewModel.swift */ = {isa = PBXFileReference; lastKnownFileType = sourcecode.swift; path = ContentViewModel.swift; sourceTree = "<group>"; };
		88E2DFFF28E1568900CC505E /* CardView.swift */ = {isa = PBXFileReference; lastKnownFileType = sourcecode.swift; path = CardView.swift; sourceTree = "<group>"; };
		88E2E00328E1577700CC505E /* SwiftUISlider.swift */ = {isa = PBXFileReference; lastKnownFileType = sourcecode.swift; path = SwiftUISlider.swift; sourceTree = "<group>"; };
/* End PBXFileReference section */

/* Begin PBXFrameworksBuildPhase section */
		88E2DFE928E14FD300CC505E /* Frameworks */ = {
			isa = PBXFrameworksBuildPhase;
			buildActionMask = 2147483647;
			files = (
			);
			runOnlyForDeploymentPostprocessing = 0;
		};
/* End PBXFrameworksBuildPhase section */

/* Begin PBXGroup section */
		88E2DFE328E14FD300CC505E = {
			isa = PBXGroup;
			children = (
				88E2DFEE28E14FD300CC505E /* RunRadius-SwiftUI */,
				88E2DFED28E14FD300CC505E /* Products */,
			);
			sourceTree = "<group>";
		};
		88E2DFED28E14FD300CC505E /* Products */ = {
			isa = PBXGroup;
			children = (
				88E2DFEC28E14FD300CC505E /* RunRadius-SwiftUI.app */,
			);
			name = Products;
			sourceTree = "<group>";
		};
		88E2DFEE28E14FD300CC505E /* RunRadius-SwiftUI */ = {
			isa = PBXGroup;
			children = (
				88E2E00528E15B9400CC505E /* Font */,
				88E2DFEF28E14FD300CC505E /* RunRadius_SwiftUIApp.swift */,
				88E2DFF128E14FD300CC505E /* ContentView.swift */,
				88E2DFFF28E1568900CC505E /* CardView.swift */,
				88E2E00328E1577700CC505E /* SwiftUISlider.swift */,
				88E2DFF328E14FD500CC505E /* Assets.xcassets */,
				88E2DFF528E14FD500CC505E /* Preview Content */,
				88E2DFFD28E153F300CC505E /* ContentViewModel.swift */,
			);
			path = "RunRadius-SwiftUI";
			sourceTree = "<group>";
		};
		88E2DFF528E14FD500CC505E /* Preview Content */ = {
			isa = PBXGroup;
			children = (
				88E2DFF628E14FD500CC505E /* Preview Assets.xcassets */,
			);
			path = "Preview Content";
			sourceTree = "<group>";
		};
		88E2E00528E15B9400CC505E /* Font */ = {
			isa = PBXGroup;
			children = (
			);
			path = Font;
			sourceTree = "<group>";
		};
/* End PBXGroup section */

/* Begin PBXNativeTarget section */
		88E2DFEB28E14FD300CC505E /* RunRadius-SwiftUI */ = {
			isa = PBXNativeTarget;
			buildConfigurationList = 88E2DFFA28E14FD500CC505E /* Build configuration list for PBXNativeTarget "RunRadius-SwiftUI" */;
			buildPhases = (
				88E2DFE828E14FD300CC505E /* Sources */,
				88E2DFE928E14FD300CC505E /* Frameworks */,
				88E2DFEA28E14FD300CC505E /* Resources */,
			);
			buildRules = (
			);
			dependencies = (
			);
			name = "RunRadius-SwiftUI";
			productName = "RunRadius-SwiftUI";
			productReference = 88E2DFEC28E14FD300CC505E /* RunRadius-SwiftUI.app */;
			productType = "com.apple.product-type.application";
		};
/* End PBXNativeTarget section */

/* Begin PBXProject section */
		88E2DFE428E14FD300CC505E /* Project object */ = {
			isa = PBXProject;
			attributes = {
				BuildIndependentTargetsInParallel = 1;
				LastSwiftUpdateCheck = 1400;
				LastUpgradeCheck = 1400;
				TargetAttributes = {
					88E2DFEB28E14FD300CC505E = {
						CreatedOnToolsVersion = 14.0;
					};
				};
			};
			buildConfigurationList = 88E2DFE728E14FD300CC505E /* Build configuration list for PBXProject "RunRadius-SwiftUI" */;
			compatibilityVersion = "Xcode 14.0";
			developmentRegion = en;
			hasScannedForEncodings = 0;
			knownRegions = (
				en,
				Base,
			);
			mainGroup = 88E2DFE328E14FD300CC505E;
			productRefGroup = 88E2DFED28E14FD300CC505E /* Products */;
			projectDirPath = "";
			projectRoot = "";
			targets = (
				88E2DFEB28E14FD300CC505E /* RunRadius-SwiftUI */,
			);
		};
/* End PBXProject section */

/* Begin PBXResourcesBuildPhase section */
		88E2DFEA28E14FD300CC505E /* Resources */ = {
			isa = PBXResourcesBuildPhase;
			buildActionMask = 2147483647;
			files = (
				88E2DFF728E14FD500CC505E /* Preview Assets.xcassets in Resources */,
				88E2DFF428E14FD500CC505E /* Assets.xcassets in Resources */,
			);
			runOnlyForDeploymentPostprocessing = 0;
		};
/* End PBXResourcesBuildPhase section */

/* Begin PBXSourcesBuildPhase section */
		88E2DFE828E14FD300CC505E /* Sources */ = {
			isa = PBXSourcesBuildPhase;
			buildActionMask = 2147483647;
			files = (
				88E2E00428E1577700CC505E /* SwiftUISlider.swift in Sources */,
				88E2DFF228E14FD300CC505E /* ContentView.swift in Sources */,
				88E2DFF028E14FD300CC505E /* RunRadius_SwiftUIApp.swift in Sources */,
				88E2E00028E1568900CC505E /* CardView.swift in Sources */,
				88E2DFFE28E153F300CC505E /* ContentViewModel.swift in Sources */,
			);
			runOnlyForDeploymentPostprocessing = 0;
		};
/* End PBXSourcesBuildPhase section */

/* Begin XCBuildConfiguration section */
		88E2DFF828E14FD500CC505E /* Debug */ = {
			isa = XCBuildConfiguration;
			buildSettings = {
				ALWAYS_SEARCH_USER_PATHS = NO;
				CLANG_ANALYZER_NONNULL = YES;
				CLANG_ANALYZER_NUMBER_OBJECT_CONVERSION = YES_AGGRESSIVE;
				CLANG_CXX_LANGUAGE_STANDARD = "gnu++20";
				CLANG_ENABLE_MODULES = YES;
				CLANG_ENABLE_OBJC_ARC = YES;
				CLANG_ENABLE_OBJC_WEAK = YES;
				CLANG_WARN_BLOCK_CAPTURE_AUTORELEASING = YES;
				CLANG_WARN_BOOL_CONVERSION = YES;
				CLANG_WARN_COMMA = YES;
				CLANG_WARN_CONSTANT_CONVERSION = YES;
				CLANG_WARN_DEPRECATED_OBJC_IMPLEMENTATIONS = YES;
				CLANG_WARN_DIRECT_OBJC_ISA_USAGE = YES_ERROR;
				CLANG_WARN_DOCUMENTATION_COMMENTS = YES;
				CLANG_WARN_EMPTY_BODY = YES;
				CLANG_WARN_ENUM_CONVERSION = YES;
				CLANG_WARN_INFINITE_RECURSION = YES;
				CLANG_WARN_INT_CONVERSION = YES;
				CLANG_WARN_NON_LITERAL_NULL_CONVERSION = YES;
				CLANG_WARN_OBJC_IMPLICIT_RETAIN_SELF = YES;
				CLANG_WARN_OBJC_LITERAL_CONVERSION = YES;
				CLANG_WARN_OBJC_ROOT_CLASS = YES_ERROR;
				CLANG_WARN_QUOTED_INCLUDE_IN_FRAMEWORK_HEADER = YES;
				CLANG_WARN_RANGE_LOOP_ANALYSIS = YES;
				CLANG_WARN_STRICT_PROTOTYPES = YES;
				CLANG_WARN_SUSPICIOUS_MOVE = YES;
				CLANG_WARN_UNGUARDED_AVAILABILITY = YES_AGGRESSIVE;
				CLANG_WARN_UNREACHABLE_CODE = YES;
				CLANG_WARN__DUPLICATE_METHOD_MATCH = YES;
				COPY_PHASE_STRIP = NO;
				DEBUG_INFORMATION_FORMAT = dwarf;
				ENABLE_STRICT_OBJC_MSGSEND = YES;
				ENABLE_TESTABILITY = YES;
				GCC_C_LANGUAGE_STANDARD = gnu11;
				GCC_DYNAMIC_NO_PIC = NO;
				GCC_NO_COMMON_BLOCKS = YES;
				GCC_OPTIMIZATION_LEVEL = 0;
				GCC_PREPROCESSOR_DEFINITIONS = (
					"DEBUG=1",
					"$(inherited)",
				);
				GCC_WARN_64_TO_32_BIT_CONVERSION = YES;
				GCC_WARN_ABOUT_RETURN_TYPE = YES_ERROR;
				GCC_WARN_UNDECLARED_SELECTOR = YES;
				GCC_WARN_UNINITIALIZED_AUTOS = YES_AGGRESSIVE;
				GCC_WARN_UNUSED_FUNCTION = YES;
				GCC_WARN_UNUSED_VARIABLE = YES;
				IPHONEOS_DEPLOYMENT_TARGET = 16.0;
				MTL_ENABLE_DEBUG_INFO = INCLUDE_SOURCE;
				MTL_FAST_MATH = YES;
				ONLY_ACTIVE_ARCH = YES;
				SDKROOT = iphoneos;
				SWIFT_ACTIVE_COMPILATION_CONDITIONS = DEBUG;
				SWIFT_OPTIMIZATION_LEVEL = "-Onone";
			};
			name = Debug;
		};
		88E2DFF928E14FD500CC505E /* Release */ = {
			isa = XCBuildConfiguration;
			buildSettings = {
				ALWAYS_SEARCH_USER_PATHS = NO;
				CLANG_ANALYZER_NONNULL = YES;
				CLANG_ANALYZER_NUMBER_OBJECT_CONVERSION = YES_AGGRESSIVE;
				CLANG_CXX_LANGUAGE_STANDARD = "gnu++20";
				CLANG_ENABLE_MODULES = YES;
				CLANG_ENABLE_OBJC_ARC = YES;
				CLANG_ENABLE_OBJC_WEAK = YES;
				CLANG_WARN_BLOCK_CAPTURE_AUTORELEASING = YES;
				CLANG_WARN_BOOL_CONVERSION = YES;
				CLANG_WARN_COMMA = YES;
				CLANG_WARN_CONSTANT_CONVERSION = YES;
				CLANG_WARN_DEPRECATED_OBJC_IMPLEMENTATIONS = YES;
				CLANG_WARN_DIRECT_OBJC_ISA_USAGE = YES_ERROR;
				CLANG_WARN_DOCUMENTATION_COMMENTS = YES;
				CLANG_WARN_EMPTY_BODY = YES;
				CLANG_WARN_ENUM_CONVERSION = YES;
				CLANG_WARN_INFINITE_RECURSION = YES;
				CLANG_WARN_INT_CONVERSION = YES;
				CLANG_WARN_NON_LITERAL_NULL_CONVERSION = YES;
				CLANG_WARN_OBJC_IMPLICIT_RETAIN_SELF = YES;
				CLANG_WARN_OBJC_LITERAL_CONVERSION = YES;
				CLANG_WARN_OBJC_ROOT_CLASS = YES_ERROR;
				CLANG_WARN_QUOTED_INCLUDE_IN_FRAMEWORK_HEADER = YES;
				CLANG_WARN_RANGE_LOOP_ANALYSIS = YES;
				CLANG_WARN_STRICT_PROTOTYPES = YES;
				CLANG_WARN_SUSPICIOUS_MOVE = YES;
				CLANG_WARN_UNGUARDED_AVAILABILITY = YES_AGGRESSIVE;
				CLANG_WARN_UNREACHABLE_CODE = YES;
				CLANG_WARN__DUPLICATE_METHOD_MATCH = YES;
				COPY_PHASE_STRIP = NO;
				DEBUG_INFORMATION_FORMAT = "dwarf-with-dsym";
				ENABLE_NS_ASSERTIONS = NO;
				ENABLE_STRICT_OBJC_MSGSEND = YES;
				GCC_C_LANGUAGE_STANDARD = gnu11;
				GCC_NO_COMMON_BLOCKS = YES;
				GCC_WARN_64_TO_32_BIT_CONVERSION = YES;
				GCC_WARN_ABOUT_RETURN_TYPE = YES_ERROR;
				GCC_WARN_UNDECLARED_SELECTOR = YES;
				GCC_WARN_UNINITIALIZED_AUTOS = YES_AGGRESSIVE;
				GCC_WARN_UNUSED_FUNCTION = YES;
				GCC_WARN_UNUSED_VARIABLE = YES;
				IPHONEOS_DEPLOYMENT_TARGET = 16.0;
				MTL_ENABLE_DEBUG_INFO = NO;
				MTL_FAST_MATH = YES;
				SDKROOT = iphoneos;
				SWIFT_COMPILATION_MODE = wholemodule;
				SWIFT_OPTIMIZATION_LEVEL = "-O";
				VALIDATE_PRODUCT = YES;
			};
			name = Release;
		};
		88E2DFFB28E14FD500CC505E /* Debug */ = {
			isa = XCBuildConfiguration;
			buildSettings = {
				ASSETCATALOG_COMPILER_APPICON_NAME = AppIcon;
				ASSETCATALOG_COMPILER_GLOBAL_ACCENT_COLOR_NAME = AccentColor;
				CODE_SIGN_STYLE = Automatic;
				CURRENT_PROJECT_VERSION = 1;
				DEVELOPMENT_ASSET_PATHS = "\"RunRadius-SwiftUI/Preview Content\"";
				DEVELOPMENT_TEAM = 7GRM878X7P;
				ENABLE_PREVIEWS = YES;
				GENERATE_INFOPLIST_FILE = YES;
				INFOPLIST_KEY_NSLocationWhenInUseUsageDescription = "We need yo location";
				INFOPLIST_KEY_UIApplicationSceneManifest_Generation = YES;
				INFOPLIST_KEY_UIApplicationSupportsIndirectInputEvents = YES;
				INFOPLIST_KEY_UILaunchScreen_Generation = YES;
				INFOPLIST_KEY_UISupportedInterfaceOrientations_iPad = "UIInterfaceOrientationPortrait UIInterfaceOrientationPortraitUpsideDown UIInterfaceOrientationLandscapeLeft UIInterfaceOrientationLandscapeRight";
				INFOPLIST_KEY_UISupportedInterfaceOrientations_iPhone = "UIInterfaceOrientationPortrait UIInterfaceOrientationLandscapeLeft UIInterfaceOrientationLandscapeRight";
				LD_RUNPATH_SEARCH_PATHS = (
					"$(inherited)",
					"@executable_path/Frameworks",
				);
				MARKETING_VERSION = 1.0;
				PRODUCT_BUNDLE_IDENTIFIER = "com.jacobmyers.RunRadius-SwiftUI";
				PRODUCT_NAME = "$(TARGET_NAME)";
				SWIFT_EMIT_LOC_STRINGS = YES;
				SWIFT_VERSION = 5.0;
				TARGETED_DEVICE_FAMILY = "1,2";
			};
			name = Debug;
		};
		88E2DFFC28E14FD500CC505E /* Release */ = {
			isa = XCBuildConfiguration;
			buildSettings = {
				ASSETCATALOG_COMPILER_APPICON_NAME = AppIcon;
				ASSETCATALOG_COMPILER_GLOBAL_ACCENT_COLOR_NAME = AccentColor;
				CODE_SIGN_STYLE = Automatic;
				CURRENT_PROJECT_VERSION = 1;
				DEVELOPMENT_ASSET_PATHS = "\"RunRadius-SwiftUI/Preview Content\"";
				DEVELOPMENT_TEAM = 7GRM878X7P;
				ENABLE_PREVIEWS = YES;
				GENERATE_INFOPLIST_FILE = YES;
				INFOPLIST_KEY_NSLocationWhenInUseUsageDescription = "We need yo location";
				INFOPLIST_KEY_UIApplicationSceneManifest_Generation = YES;
				INFOPLIST_KEY_UIApplicationSupportsIndirectInputEvents = YES;
				INFOPLIST_KEY_UILaunchScreen_Generation = YES;
				INFOPLIST_KEY_UISupportedInterfaceOrientations_iPad = "UIInterfaceOrientationPortrait UIInterfaceOrientationPortraitUpsideDown UIInterfaceOrientationLandscapeLeft UIInterfaceOrientationLandscapeRight";
				INFOPLIST_KEY_UISupportedInterfaceOrientations_iPhone = "UIInterfaceOrientationPortrait UIInterfaceOrientationLandscapeLeft UIInterfaceOrientationLandscapeRight";
				LD_RUNPATH_SEARCH_PATHS = (
					"$(inherited)",
					"@executable_path/Frameworks",
				);
				MARKETING_VERSION = 1.0;
				PRODUCT_BUNDLE_IDENTIFIER = "com.jacobmyers.RunRadius-SwiftUI";
				PRODUCT_NAME = "$(TARGET_NAME)";
				SWIFT_EMIT_LOC_STRINGS = YES;
				SWIFT_VERSION = 5.0;
				TARGETED_DEVICE_FAMILY = "1,2";
			};
			name = Release;
		};
/* End XCBuildConfiguration section */

/* Begin XCConfigurationList section */
		88E2DFE728E14FD300CC505E /* Build configuration list for PBXProject "RunRadius-SwiftUI" */ = {
			isa = XCConfigurationList;
			buildConfigurations = (
				88E2DFF828E14FD500CC505E /* Debug */,
				88E2DFF928E14FD500CC505E /* Release */,
			);
			defaultConfigurationIsVisible = 0;
			defaultConfigurationName = Release;
		};
		88E2DFFA28E14FD500CC505E /* Build configuration list for PBXNativeTarget "RunRadius-SwiftUI" */ = {
			isa = XCConfigurationList;
			buildConfigurations = (
				88E2DFFB28E14FD500CC505E /* Debug */,
				88E2DFFC28E14FD500CC505E /* Release */,
			);
			defaultConfigurationIsVisible = 0;
			defaultConfigurationName = Release;
		};
/* End XCConfigurationList section */
	};
	rootObject = 88E2DFE428E14FD300CC505E /* Project object */;
}
